{
    "version": "0.5",
    "requires": [
        "zlib/1.3.2#1cb806da49011867778ffb6ac7190fcb%1777558780.503",
        "xz_utils/5.8.3#a8432fead347c69d8b2737c35f936132%1775752656.4",
        "xorg/system#87ea3cbfa907ff490f4ece2f5fa3dbb9%1781197504.821",
        "xkeyboard-config/system#74aea985b91f987b93b220b44963d7ed%1755758035.041",
        "xkbcommon/1.6.0#8d5721a837dfcffcbbbbd41461f58bc4%1768556203.953",
        "wayland/1.24.0#ac40d5647b1ce948e185c1a849f63cb6%1779188470.635",
        "re2/20251105#8579cfd0bda4daf0683f9e3898f964b4%1772560729.95",
        "quirc/1.2#5398c0f120ebdeeeb3b2535a32774d25%1741858844.528",
        "protobuf/6.33.5#ff253ead763bd8d9904a52979cd21e81%1778763145.334",
        "openssl/3.6.3#b4bb3a8c7e7ede15b767fead90c11688%1781033588.157",
        "openjpeg/2.5.4#372fbc2b4348d45ab0c0a62a8475dc2f%1760446899.685",
        "opencv/4.13.0#a5f9f9a7e62e8cef616f32423421eea1%1782311258.137",
        "libxml2/2.15.3#3406c6d8d327e9b84c0c894feb859514%1777886326.291",
        "libwebp/1.6.0#eb5f8e35fc95980e32b5544a33a270b4%1754386366.205",
        "libtiff/4.7.1#0ab2d15639faa1c301ccfb271fc0b55f%1759735981.08",
        "libpng/1.6.58#19cb72905ae54f54948401f753faa2c1%1776606503.628",
        "libjpeg/9f#8b1b89da851ad9172565c35f14e23c4c%1780476337.068",
        "libiconv/1.17#9923bc6dc6f106646d6967e0039a5ada%1774021608.288",
        "libffi/3.4.8#a045c00fb26779635e3bed40e80c5254%1753360042.396",
        "grpc/1.82.0#854077a504a256205bdc03c1156bb782%1783328461.136",
        "expat/2.8.2#47bed4455ba060e4104dc20d6a448c34%1782406491.478",
        "eigen/5.0.1#5f0f72e012979ebc4dfc038c701b81ea%1782832367.568",
        "c-ares/1.34.8#074b97a9e38159813ed5e2dcfeb290ca%1784539118.141",
        "ade/0.1.2d#82546b5d78a6a8393f705a8f4f826dff%1742833246.863",
        "abseil/20260107.1#883e95a7be2b767999f64669ac642e5d%1773137897.755"
    ],
    "build_requires": [
        "zlib/1.3.2#1cb806da49011867778ffb6ac7190fcb%1777558780.503",
        "wayland-protocols/1.45#79bbdf84ebb0fcc3353686529e0a2322%1757598410.756",
        "wayland-protocols/1.33#b349fc274b8ef9ba525dda076385f3fd%1757598413.204",
        "wayland/1.24.0#ac40d5647b1ce948e185c1a849f63cb6%1779188470.635",
        "protobuf/6.33.5#ff253ead763bd8d9904a52979cd21e81%1778763145.334",
        "pkgconf/2.5.1#93c2051284cba1279494a43a4fcfeae2%1757684701.089",
        "pkgconf/2.1.0#21f96520faf7660b99f872e956d2ac13%1755505630.82",
        "ninja/1.13.2#c8c5dc2a52ed6e4e42a66d75b4717ceb%1764096931.974",
        "meson/1.10.2#9d2d10681fe7fe61c788c58626c89b25%1775558003.754",
        "m4/1.4.19#34c4bbc3eeebe98ca6edf2f52d602e7d%1777282960.259",
        "libxml2/2.15.3#3406c6d8d327e9b84c0c894feb859514%1777886326.291",
        "libiconv/1.17#9923bc6dc6f106646d6967e0039a5ada%1774021608.288",
        "libffi/3.4.8#a045c00fb26779635e3bed40e80c5254%1753360042.396",
        "gnu-config/cci.20210814#466e9d4d7779e1c142443f7ea44b4284%1762363589.329",
        "flex/2.6.4#efa781fc5088b47c895bd4eef6911f2e%1761560242.855",
        "expat/2.8.2#47bed4455ba060e4104dc20d6a448c34%1782406491.478",
        "cmake/4.3.3#840cf00ea09777e05c2050a50a82c722%1781521538.233",
        "bison/3.8.2#c3490cbe0078b6fd3eb4cf5ed64144dc%1755688988.644",
        "abseil/20260107.1#883e95a7be2b767999f64669ac642e5d%1773137897.755"
    ],
    "python_requires": [],
    "overrides": {
        "eigen/3.4.0": [
            "eigen/5.0.1"
        ]
    },
    "config_requires": []
}